
Microsoft Visual Studio Solution File, Format Version 12.00
# Visual Studio Version 17
VisualStudioVersion = 17.8.34309.116
MinimumVisualStudioVersion = 10.0.40219.1
Project("{FAE04EC0-301F-11D3-BF4B-00C04F79EFBC}") = "EphemeralEnvironments.Service", "EphemeralEnvironments.Service\EphemeralEnvironments.Service.csproj", "{7741BD7E-498F-4F3A-B9B1-F27289D8CF96}"
EndProject
Project("{E53339B2-1760-4266-BCC7-CA923CBCF16C}") = "docker-compose", "docker-compose.dcproj", "{651F8C54-F5B1-4244-ABDD-F304E488D554}"
EndProject
Global
	GlobalSection(SolutionConfigurationPlatforms) = preSolution
		Debug|Any CPU = Debug|Any CPU
		Release|Any CPU = Release|Any CPU
	EndGlobalSection
	GlobalSection(ProjectConfigurationPlatforms) = postSolution
		{7741BD7E-498F-4F3A-B9B1-F27289D8CF96}.Debug|Any CPU.ActiveCfg = Debug|Any CPU
		{7741BD7E-498F-4F3A-B9B1-F27289D8CF96}.Debug|Any CPU.Build.0 = Debug|Any CPU
		{7741BD7E-498F-4F3A-B9B1-F27289D8CF96}.Release|Any CPU.ActiveCfg = Release|Any CPU
		{7741BD7E-498F-4F3A-B9B1-F27289D8CF96}.Release|Any CPU.Build.0 = Release|Any CPU
		{651F8C54-F5B1-4244-ABDD-F304E488D554}.Debug|Any CPU.ActiveCfg = Debug|Any CPU
		{651F8C54-F5B1-4244-ABDD-F304E488D554}.Debug|Any CPU.Build.0 = Debug|Any CPU
		{651F8C54-F5B1-4244-ABDD-F304E488D554}.Release|Any CPU.ActiveCfg = Release|Any CPU
		{651F8C54-F5B1-4244-ABDD-F304E488D554}.Release|Any CPU.Build.0 = Release|Any CPU
	EndGlobalSection
	GlobalSection(SolutionProperties) = preSolution
		HideSolutionNode = FALSE
	EndGlobalSection
	GlobalSection(ExtensibilityGlobals) = postSolution
		SolutionGuid = {95036254-4BAA-4A58-934B-58DBA80D83F8}
	EndGlobalSection
EndGlobal
